
Microsoft Visual Studio Solution File, Format Version 12.00
# Visual Studio Version 17
VisualStudioVersion = 17.0.31611.283
MinimumVisualStudioVersion = 10.0.40219.1
Project("{9A19103F-16F7-4668-BE54-9A1E7A4F7556}") = "Labyrinth.MAUI", "Labyrinth.MAUI\Labyrinth.MAUI.csproj", "{B0C6CBA5-5A43-4A12-ABA5-D8B9CE2568DD}"
EndProject
Project("{9A19103F-16F7-4668-BE54-9A1E7A4F7556}") = "Labyrinth.Persistence", "Labyrinth.Persistence\Labyrinth.Persistence.csproj", "{90D451A8-69DA-41E7-A033-5B1FEB089CA6}"
EndProject
Project("{9A19103F-16F7-4668-BE54-9A1E7A4F7556}") = "Labyrinth.Model", "Labyrinth\Labyrinth.Model.csproj", "{ED4FD1B9-CC35-46FB-904E-ADF453A7CD61}"
EndProject
Project("{9A19103F-16F7-4668-BE54-9A1E7A4F7556}") = "Labyrinth.WPF", "Labyrinth.WPF\Labyrinth.WPF.csproj", "{C654D4EC-9278-4AEC-A226-09E83FBAE572}"
EndProject
Project("{9A19103F-16F7-4668-BE54-9A1E7A4F7556}") = "Labyrinth.WinForms", "Labyrinth.WinForms\Labyrinth.WinForms.csproj", "{C28DAC80-C746-4CF7-AC93-F7335E531FE8}"
EndProject
Project("{9A19103F-16F7-4668-BE54-9A1E7A4F7556}") = "Labyrinth.Test", "Labyrinth.Test\Labyrinth.Test.csproj", "{4E4A9E97-1372-4B26-8CA0-F34BC2463D6E}"
EndProject
Global
	GlobalSection(SolutionConfigurationPlatforms) = preSolution
		Debug|Any CPU = Debug|Any CPU
		Release|Any CPU = Release|Any CPU
	EndGlobalSection
	GlobalSection(ProjectConfigurationPlatforms) = postSolution
		{B0C6CBA5-5A43-4A12-ABA5-D8B9CE2568DD}.Debug|Any CPU.ActiveCfg = Debug|Any CPU
		{B0C6CBA5-5A43-4A12-ABA5-D8B9CE2568DD}.Debug|Any CPU.Build.0 = Debug|Any CPU
		{B0C6CBA5-5A43-4A12-ABA5-D8B9CE2568DD}.Debug|Any CPU.Deploy.0 = Debug|Any CPU
		{B0C6CBA5-5A43-4A12-ABA5-D8B9CE2568DD}.Release|Any CPU.ActiveCfg = Release|Any CPU
		{B0C6CBA5-5A43-4A12-ABA5-D8B9CE2568DD}.Release|Any CPU.Build.0 = Release|Any CPU
		{B0C6CBA5-5A43-4A12-ABA5-D8B9CE2568DD}.Release|Any CPU.Deploy.0 = Release|Any CPU
		{90D451A8-69DA-41E7-A033-5B1FEB089CA6}.Debug|Any CPU.ActiveCfg = Debug|Any CPU
		{90D451A8-69DA-41E7-A033-5B1FEB089CA6}.Debug|Any CPU.Build.0 = Debug|Any CPU
		{90D451A8-69DA-41E7-A033-5B1FEB089CA6}.Release|Any CPU.ActiveCfg = Release|Any CPU
		{90D451A8-69DA-41E7-A033-5B1FEB089CA6}.Release|Any CPU.Build.0 = Release|Any CPU
		{ED4FD1B9-CC35-46FB-904E-ADF453A7CD61}.Debug|Any CPU.ActiveCfg = Debug|Any CPU
		{ED4FD1B9-CC35-46FB-904E-ADF453A7CD61}.Debug|Any CPU.Build.0 = Debug|Any CPU
		{ED4FD1B9-CC35-46FB-904E-ADF453A7CD61}.Release|Any CPU.ActiveCfg = Release|Any CPU
		{ED4FD1B9-CC35-46FB-904E-ADF453A7CD61}.Release|Any CPU.Build.0 = Release|Any CPU
		{C654D4EC-9278-4AEC-A226-09E83FBAE572}.Debug|Any CPU.ActiveCfg = Debug|Any CPU
		{C654D4EC-9278-4AEC-A226-09E83FBAE572}.Debug|Any CPU.Build.0 = Debug|Any CPU
		{C654D4EC-9278-4AEC-A226-09E83FBAE572}.Release|Any CPU.ActiveCfg = Release|Any CPU
		{C654D4EC-9278-4AEC-A226-09E83FBAE572}.Release|Any CPU.Build.0 = Release|Any CPU
		{C28DAC80-C746-4CF7-AC93-F7335E531FE8}.Debug|Any CPU.ActiveCfg = Debug|Any CPU
		{C28DAC80-C746-4CF7-AC93-F7335E531FE8}.Debug|Any CPU.Build.0 = Debug|Any CPU
		{C28DAC80-C746-4CF7-AC93-F7335E531FE8}.Release|Any CPU.ActiveCfg = Release|Any CPU
		{C28DAC80-C746-4CF7-AC93-F7335E531FE8}.Release|Any CPU.Build.0 = Release|Any CPU
		{4E4A9E97-1372-4B26-8CA0-F34BC2463D6E}.Debug|Any CPU.ActiveCfg = Debug|Any CPU
		{4E4A9E97-1372-4B26-8CA0-F34BC2463D6E}.Debug|Any CPU.Build.0 = Debug|Any CPU
		{4E4A9E97-1372-4B26-8CA0-F34BC2463D6E}.Release|Any CPU.ActiveCfg = Release|Any CPU
		{4E4A9E97-1372-4B26-8CA0-F34BC2463D6E}.Release|Any CPU.Build.0 = Release|Any CPU
	EndGlobalSection
	GlobalSection(SolutionProperties) = preSolution
		HideSolutionNode = FALSE
	EndGlobalSection
	GlobalSection(ExtensibilityGlobals) = postSolution
		SolutionGuid = {61F7FB11-1E47-470C-91E2-47F8143E1572}
	EndGlobalSection
EndGlobal
